// !$*UTF8*$!
{
	archiveVersion = 1;
	classes = {
	};
	objectVersion = 50;
	objects = {

/* Begin PBXBuildFile section */
		68AA8E8821B1D95100D9A133 /* Leaderboard.swift in Sources */ = {isa = PBXBuildFile; fileRef = 68AA8E8721B1D95100D9A133 /* Leaderboard.swift */; };
		68AA8E8A21B1E20400D9A133 /* LeaderboardTableViewCell.swift in Sources */ = {isa = PBXBuildFile; fileRef = 68AA8E8921B1E20400D9A133 /* LeaderboardTableViewCell.swift */; };
		68CEE77921AF3A9100CD4427 /* GoogleService-Info.plist in Resources */ = {isa = PBXBuildFile; fileRef = 68CEE77821AF3A9100CD4427 /* GoogleService-Info.plist */; };
		7A66411A2194BC9600F80C9B /* AppDelegate.swift in Sources */ = {isa = PBXBuildFile; fileRef = 7A6641192194BC9600F80C9B /* AppDelegate.swift */; };
		7A66411C2194BC9600F80C9B /* HomeScreenViewController.swift in Sources */ = {isa = PBXBuildFile; fileRef = 7A66411B2194BC9600F80C9B /* HomeScreenViewController.swift */; };
		7A66411F2194BC9600F80C9B /* Main.storyboard in Resources */ = {isa = PBXBuildFile; fileRef = 7A66411D2194BC9600F80C9B /* Main.storyboard */; };
		7A6641212194BC9900F80C9B /* Assets.xcassets in Resources */ = {isa = PBXBuildFile; fileRef = 7A6641202194BC9900F80C9B /* Assets.xcassets */; };
		7A6641242194BC9900F80C9B /* LaunchScreen.storyboard in Resources */ = {isa = PBXBuildFile; fileRef = 7A6641222194BC9900F80C9B /* LaunchScreen.storyboard */; };
		7A6641302194CD2B00F80C9B /* DeviceSelectionViewController.swift in Sources */ = {isa = PBXBuildFile; fileRef = 7A66412F2194CD2B00F80C9B /* DeviceSelectionViewController.swift */; };
		AB0EA9A021A29F0C005B5FCE /* UIHUD.swift in Sources */ = {isa = PBXBuildFile; fileRef = AB0EA99F21A29F0C005B5FCE /* UIHUD.swift */; };
		AB0EA9A221A2A015005B5FCE /* globals.swift in Sources */ = {isa = PBXBuildFile; fileRef = AB0EA9A121A2A015005B5FCE /* globals.swift */; };
		AB0EA9A421A2A91D005B5FCE /* FTButtonNode.swift in Sources */ = {isa = PBXBuildFile; fileRef = AB0EA9A321A2A91D005B5FCE /* FTButtonNode.swift */; };
		AB23AF5F21A8D24B004FB964 /* CarType.swift in Sources */ = {isa = PBXBuildFile; fileRef = AB23AF5E21A8D24B004FB964 /* CarType.swift */; };
		AB23AF6121A8F086004FB964 /* Track2.sks in Resources */ = {isa = PBXBuildFile; fileRef = AB23AF6021A8F086004FB964 /* Track2.sks */; };
		AB23AF6321A8F0E2004FB964 /* Track2.swift in Sources */ = {isa = PBXBuildFile; fileRef = AB23AF6221A8F0E2004FB964 /* Track2.swift */; };
		AB23AF6921A9069E004FB964 /* ControllerNetworkService.swift in Sources */ = {isa = PBXBuildFile; fileRef = AB23AF6521A9069E004FB964 /* ControllerNetworkService.swift */; };
		AB23AF6A21A9069E004FB964 /* HostNetworkService.swift in Sources */ = {isa = PBXBuildFile; fileRef = AB23AF6621A9069E004FB964 /* HostNetworkService.swift */; };
		AB23AF6B21A9069E004FB964 /* NetworkService.swift in Sources */ = {isa = PBXBuildFile; fileRef = AB23AF6721A9069E004FB964 /* NetworkService.swift */; };
		AB23AF6F21A90788004FB964 /* MessageBase.swift in Sources */ = {isa = PBXBuildFile; fileRef = AB23AF6E21A90788004FB964 /* MessageBase.swift */; };
		AB23AF7121A920B3004FB964 /* InputControlMessage.swift in Sources */ = {isa = PBXBuildFile; fileRef = AB23AF7021A920B3004FB964 /* InputControlMessage.swift */; };
		AB23AF7321A926E6004FB964 /* CarDataMessage.swift in Sources */ = {isa = PBXBuildFile; fileRef = AB23AF7221A926E6004FB964 /* CarDataMessage.swift */; };
		AB23AF7521A92DB3004FB964 /* RaceFinishedMessage.swift in Sources */ = {isa = PBXBuildFile; fileRef = AB23AF7421A92DB3004FB964 /* RaceFinishedMessage.swift */; };
		AB4E2E4D219F974200383747 /* AnalogJoystick.swift in Sources */ = {isa = PBXBuildFile; fileRef = AB4E2E46219F974200383747 /* AnalogJoystick.swift */; };
		AB4E2E4E219F974200383747 /* Player.swift in Sources */ = {isa = PBXBuildFile; fileRef = AB4E2E48219F974200383747 /* Player.swift */; };
		AB4E2E4F219F974200383747 /* Track1.sks in Resources */ = {isa = PBXBuildFile; fileRef = AB4E2E49219F974200383747 /* Track1.sks */; };
		AB4E2E50219F974200383747 /* Track1.swift in Sources */ = {isa = PBXBuildFile; fileRef = AB4E2E4A219F974200383747 /* Track1.swift */; };
		AB4E2E51219F974200383747 /* GameViewController.swift in Sources */ = {isa = PBXBuildFile; fileRef = AB4E2E4B219F974200383747 /* GameViewController.swift */; };
		AB4E2E52219F974200383747 /* TrackTileSet.sks in Resources */ = {isa = PBXBuildFile; fileRef = AB4E2E4C219F974200383747 /* TrackTileSet.sks */; };
		AB4E2E55219F997200383747 /* NavigationViewController.swift in Sources */ = {isa = PBXBuildFile; fileRef = AB4E2E54219F997200383747 /* NavigationViewController.swift */; };
		AB4E2E59219F9A7800383747 /* LeaderboardViewController.swift in Sources */ = {isa = PBXBuildFile; fileRef = AB4E2E58219F9A7800383747 /* LeaderboardViewController.swift */; };
		AB4E2E69219FA21200383747 /* CGFloat+Extensions.swift in Sources */ = {isa = PBXBuildFile; fileRef = AB4E2E5D219FA21200383747 /* CGFloat+Extensions.swift */; };
		AB4E2E6A219FA21200383747 /* CGPoint+Extensions.swift in Sources */ = {isa = PBXBuildFile; fileRef = AB4E2E5E219FA21200383747 /* CGPoint+Extensions.swift */; };
		AB4E2E6B219FA21200383747 /* CGVector+Extensions.swift in Sources */ = {isa = PBXBuildFile; fileRef = AB4E2E5F219FA21200383747 /* CGVector+Extensions.swift */; };
		AB4E2E6C219FA21200383747 /* Int+Extensions.swift in Sources */ = {isa = PBXBuildFile; fileRef = AB4E2E60219FA21200383747 /* Int+Extensions.swift */; };
		AB4E2E6D219FA21200383747 /* SKAction+Extensions.swift in Sources */ = {isa = PBXBuildFile; fileRef = AB4E2E61219FA21200383747 /* SKAction+Extensions.swift */; };
		AB4E2E6E219FA21200383747 /* SKAction+SpecialEffects.swift in Sources */ = {isa = PBXBuildFile; fileRef = AB4E2E62219FA21200383747 /* SKAction+SpecialEffects.swift */; };
		AB4E2E6F219FA21200383747 /* SKColor+Extensions.swift in Sources */ = {isa = PBXBuildFile; fileRef = AB4E2E63219FA21200383747 /* SKColor+Extensions.swift */; };
		AB4E2E70219FA21200383747 /* SKNode+Extensions.swift in Sources */ = {isa = PBXBuildFile; fileRef = AB4E2E64219FA21200383747 /* SKNode+Extensions.swift */; };
		AB4E2E71219FA21200383747 /* SKTAudio.swift in Sources */ = {isa = PBXBuildFile; fileRef = AB4E2E65219FA21200383747 /* SKTAudio.swift */; };
		AB4E2E72219FA21200383747 /* SKTEffects.swift in Sources */ = {isa = PBXBuildFile; fileRef = AB4E2E66219FA21200383747 /* SKTEffects.swift */; };
		AB4E2E73219FA21200383747 /* SKTTimingFunctions.swift in Sources */ = {isa = PBXBuildFile; fileRef = AB4E2E67219FA21200383747 /* SKTTimingFunctions.swift */; };
		AB4E2E74219FA21200383747 /* Vector3.swift in Sources */ = {isa = PBXBuildFile; fileRef = AB4E2E68219FA21200383747 /* Vector3.swift */; };
		AB4E2E78219FA28300383747 /* button_press.wav in Resources */ = {isa = PBXBuildFile; fileRef = AB4E2E77219FA28300383747 /* button_press.wav */; };
		AB4E2E7A219FA50000383747 /* TrackSelectionViewController.swift in Sources */ = {isa = PBXBuildFile; fileRef = AB4E2E79219FA50000383747 /* TrackSelectionViewController.swift */; };
		AB54CC5B21A28DDC00D4F818 /* SubmitScoreViewController.swift in Sources */ = {isa = PBXBuildFile; fileRef = AB54CC5A21A28DDC00D4F818 /* SubmitScoreViewController.swift */; };
		AB5EF41F21A4BD44006E9489 /* UITouchControlsJoystick.sks in Resources */ = {isa = PBXBuildFile; fileRef = AB5EF41E21A4BD44006E9489 /* UITouchControlsJoystick.sks */; };
		AB5EF42121A4C26F006E9489 /* UITouchControlsJoystick.swift in Sources */ = {isa = PBXBuildFile; fileRef = AB5EF42021A4C26F006E9489 /* UITouchControlsJoystick.swift */; };
		AB5EF42321A4F7BA006E9489 /* SceneRootNode.swift in Sources */ = {isa = PBXBuildFile; fileRef = AB5EF42221A4F7BA006E9489 /* SceneRootNode.swift */; };
		AB85BD5221A14D510066BCEE /* PauseScene.sks in Resources */ = {isa = PBXBuildFile; fileRef = AB85BD5121A14D510066BCEE /* PauseScene.sks */; };
		AB85BD5521A14D630066BCEE /* CompletedScene.sks in Resources */ = {isa = PBXBuildFile; fileRef = AB85BD5421A14D630066BCEE /* CompletedScene.sks */; };
		AB8BB62D21A2084700E3E1F0 /* UIHUD.sks in Resources */ = {isa = PBXBuildFile; fileRef = AB8BB62C21A2084700E3E1F0 /* UIHUD.sks */; };
		ABD5FC5C21A0DD1700A0B155 /* BaseGameScene.swift in Sources */ = {isa = PBXBuildFile; fileRef = ABD5FC5B21A0DD1700A0B155 /* BaseGameScene.swift */; };
		ABD5FC6121A128E900A0B155 /* InputControl.swift in Sources */ = {isa = PBXBuildFile; fileRef = ABD5FC6021A128E900A0B155 /* InputControl.swift */; };
		ABD5FC6321A13DCF00A0B155 /* GameOverlayState.swift in Sources */ = {isa = PBXBuildFile; fileRef = ABD5FC6221A13DCF00A0B155 /* GameOverlayState.swift */; };
		ABD5FC6521A13DD700A0B155 /* GamePauseState.swift in Sources */ = {isa = PBXBuildFile; fileRef = ABD5FC6421A13DD700A0B155 /* GamePauseState.swift */; };
		ABD5FC6721A13DE000A0B155 /* GameActiveState.swift in Sources */ = {isa = PBXBuildFile; fileRef = ABD5FC6621A13DE000A0B155 /* GameActiveState.swift */; };
		ABD5FC6921A13DF500A0B155 /* GameCompletedState.swift in Sources */ = {isa = PBXBuildFile; fileRef = ABD5FC6821A13DF500A0B155 /* GameCompletedState.swift */; };
		ABD5FC6D21A13E0F00A0B155 /* SceneOverlay.swift in Sources */ = {isa = PBXBuildFile; fileRef = ABD5FC6C21A13E0F00A0B155 /* SceneOverlay.swift */; };
		ABD5FC6F21A13EAC00A0B155 /* ButtonNode.swift in Sources */ = {isa = PBXBuildFile; fileRef = ABD5FC6E21A13EAC00A0B155 /* ButtonNode.swift */; };
		ABD5FC7121A1409400A0B155 /* BaseGameScene+Buttons.swift in Sources */ = {isa = PBXBuildFile; fileRef = ABD5FC7021A1409400A0B155 /* BaseGameScene+Buttons.swift */; };
		CDAB25EBDD3E9227C6E9FBEF /* Pods_Peer_to_Peer_Remote_Car_Racing.framework in Frameworks */ = {isa = PBXBuildFile; fileRef = B8FA8DBE7E5627B398BD8312 /* Pods_Peer_to_Peer_Remote_Car_Racing.framework */; };
/* End PBXBuildFile section */

/* Begin PBXFileReference section */
		68AA8E8721B1D95100D9A133 /* Leaderboard.swift */ = {isa = PBXFileReference; lastKnownFileType = sourcecode.swift; path = Leaderboard.swift; sourceTree = "<group>"; };
		68AA8E8921B1E20400D9A133 /* LeaderboardTableViewCell.swift */ = {isa = PBXFileReference; lastKnownFileType = sourcecode.swift; path = LeaderboardTableViewCell.swift; sourceTree = "<group>"; };
		68CEE77821AF3A9100CD4427 /* GoogleService-Info.plist */ = {isa = PBXFileReference; fileEncoding = 4; lastKnownFileType = text.plist.xml; path = "GoogleService-Info.plist"; sourceTree = SOURCE_ROOT; };
		7A6641162194BC9600F80C9B /* Peer-to-Peer Remote Car Racing.app */ = {isa = PBXFileReference; explicitFileType = wrapper.application; includeInIndex = 0; path = "Peer-to-Peer Remote Car Racing.app"; sourceTree = BUILT_PRODUCTS_DIR; };
		7A6641192194BC9600F80C9B /* AppDelegate.swift */ = {isa = PBXFileReference; lastKnownFileType = sourcecode.swift; path = AppDelegate.swift; sourceTree = "<group>"; };
		7A66411B2194BC9600F80C9B /* HomeScreenViewController.swift */ = {isa = PBXFileReference; lastKnownFileType = sourcecode.swift; path = HomeScreenViewController.swift; sourceTree = "<group>"; };
		7A66411E2194BC9600F80C9B /* Base */ = {isa = PBXFileReference; lastKnownFileType = file.storyboard; name = Base; path = Base.lproj/Main.storyboard; sourceTree = "<group>"; };
		7A6641202194BC9900F80C9B /* Assets.xcassets */ = {isa = PBXFileReference; lastKnownFileType = folder.assetcatalog; path = Assets.xcassets; sourceTree = "<group>"; };
		7A6641232194BC9900F80C9B /* Base */ = {isa = PBXFileReference; lastKnownFileType = file.storyboard; name = Base; path = Base.lproj/LaunchScreen.storyboard; sourceTree = "<group>"; };
		7A6641252194BC9900F80C9B /* Info.plist */ = {isa = PBXFileReference; lastKnownFileType = text.plist.xml; path = Info.plist; sourceTree = "<group>"; };
		7A66412F2194CD2B00F80C9B /* DeviceSelectionViewController.swift */ = {isa = PBXFileReference; lastKnownFileType = sourcecode.swift; path = DeviceSelectionViewController.swift; sourceTree = "<group>"; };
		AB0EA99F21A29F0C005B5FCE /* UIHUD.swift */ = {isa = PBXFileReference; lastKnownFileType = sourcecode.swift; path = UIHUD.swift; sourceTree = "<group>"; };
		AB0EA9A121A2A015005B5FCE /* globals.swift */ = {isa = PBXFileReference; lastKnownFileType = sourcecode.swift; path = globals.swift; sourceTree = "<group>"; };
		AB0EA9A321A2A91D005B5FCE /* FTButtonNode.swift */ = {isa = PBXFileReference; lastKnownFileType = sourcecode.swift; path = FTButtonNode.swift; sourceTree = "<group>"; };
		AB23AF5E21A8D24B004FB964 /* CarType.swift */ = {isa = PBXFileReference; lastKnownFileType = sourcecode.swift; path = CarType.swift; sourceTree = "<group>"; };
		AB23AF6021A8F086004FB964 /* Track2.sks */ = {isa = PBXFileReference; lastKnownFileType = file.sks; path = Track2.sks; sourceTree = "<group>"; };
		AB23AF6221A8F0E2004FB964 /* Track2.swift */ = {isa = PBXFileReference; lastKnownFileType = sourcecode.swift; path = Track2.swift; sourceTree = "<group>"; };
		AB23AF6521A9069E004FB964 /* ControllerNetworkService.swift */ = {isa = PBXFileReference; fileEncoding = 4; lastKnownFileType = sourcecode.swift; path = ControllerNetworkService.swift; sourceTree = "<group>"; };
		AB23AF6621A9069E004FB964 /* HostNetworkService.swift */ = {isa = PBXFileReference; fileEncoding = 4; lastKnownFileType = sourcecode.swift; path = HostNetworkService.swift; sourceTree = "<group>"; };
		AB23AF6721A9069E004FB964 /* NetworkService.swift */ = {isa = PBXFileReference; fileEncoding = 4; lastKnownFileType = sourcecode.swift; path = NetworkService.swift; sourceTree = "<group>"; };
		AB23AF6E21A90788004FB964 /* MessageBase.swift */ = {isa = PBXFileReference; lastKnownFileType = sourcecode.swift; path = MessageBase.swift; sourceTree = "<group>"; };
		AB23AF7021A920B3004FB964 /* InputControlMessage.swift */ = {isa = PBXFileReference; lastKnownFileType = sourcecode.swift; path = InputControlMessage.swift; sourceTree = "<group>"; };
		AB23AF7221A926E6004FB964 /* CarDataMessage.swift */ = {isa = PBXFileReference; lastKnownFileType = sourcecode.swift; path = CarDataMessage.swift; sourceTree = "<group>"; };
		AB23AF7421A92DB3004FB964 /* RaceFinishedMessage.swift */ = {isa = PBXFileReference; lastKnownFileType = sourcecode.swift; path = RaceFinishedMessage.swift; sourceTree = "<group>"; };
		AB4E2E46219F974200383747 /* AnalogJoystick.swift */ = {isa = PBXFileReference; fileEncoding = 4; lastKnownFileType = sourcecode.swift; path = AnalogJoystick.swift; sourceTree = "<group>"; };
		AB4E2E48219F974200383747 /* Player.swift */ = {isa = PBXFileReference; fileEncoding = 4; lastKnownFileType = sourcecode.swift; path = Player.swift; sourceTree = "<group>"; };
		AB4E2E49219F974200383747 /* Track1.sks */ = {isa = PBXFileReference; lastKnownFileType = file.sks; path = Track1.sks; sourceTree = "<group>"; };
		AB4E2E4A219F974200383747 /* Track1.swift */ = {isa = PBXFileReference; fileEncoding = 4; lastKnownFileType = sourcecode.swift; path = Track1.swift; sourceTree = "<group>"; };
		AB4E2E4B219F974200383747 /* GameViewController.swift */ = {isa = PBXFileReference; fileEncoding = 4; lastKnownFileType = sourcecode.swift; path = GameViewController.swift; sourceTree = "<group>"; };
		AB4E2E4C219F974200383747 /* TrackTileSet.sks */ = {isa = PBXFileReference; lastKnownFileType = file.sks; path = TrackTileSet.sks; sourceTree = "<group>"; };
		AB4E2E54219F997200383747 /* NavigationViewController.swift */ = {isa = PBXFileReference; lastKnownFileType = sourcecode.swift; path = NavigationViewController.swift; sourceTree = "<group>"; };
		AB4E2E58219F9A7800383747 /* LeaderboardViewController.swift */ = {isa = PBXFileReference; lastKnownFileType = sourcecode.swift; path = LeaderboardViewController.swift; sourceTree = "<group>"; };
		AB4E2E5D219FA21200383747 /* CGFloat+Extensions.swift */ = {isa = PBXFileReference; fileEncoding = 4; lastKnownFileType = sourcecode.swift; path = "CGFloat+Extensions.swift"; sourceTree = "<group>"; };
		AB4E2E5E219FA21200383747 /* CGPoint+Extensions.swift */ = {isa = PBXFileReference; fileEncoding = 4; lastKnownFileType = sourcecode.swift; path = "CGPoint+Extensions.swift"; sourceTree = "<group>"; };
		AB4E2E5F219FA21200383747 /* CGVector+Extensions.swift */ = {isa = PBXFileReference; fileEncoding = 4; lastKnownFileType = sourcecode.swift; path = "CGVector+Extensions.swift"; sourceTree = "<group>"; };
		AB4E2E60219FA21200383747 /* Int+Extensions.swift */ = {isa = PBXFileReference; fileEncoding = 4; lastKnownFileType = sourcecode.swift; path = "Int+Extensions.swift"; sourceTree = "<group>"; };
		AB4E2E61219FA21200383747 /* SKAction+Extensions.swift */ = {isa = PBXFileReference; fileEncoding = 4; lastKnownFileType = sourcecode.swift; path = "SKAction+Extensions.swift"; sourceTree = "<group>"; };
		AB4E2E62219FA21200383747 /* SKAction+SpecialEffects.swift */ = {isa = PBXFileReference; fileEncoding = 4; lastKnownFileType = sourcecode.swift; path = "SKAction+SpecialEffects.swift"; sourceTree = "<group>"; };
		AB4E2E63219FA21200383747 /* SKColor+Extensions.swift */ = {isa = PBXFileReference; fileEncoding = 4; lastKnownFileType = sourcecode.swift; path = "SKColor+Extensions.swift"; sourceTree = "<group>"; };
		AB4E2E64219FA21200383747 /* SKNode+Extensions.swift */ = {isa = PBXFileReference; fileEncoding = 4; lastKnownFileType = sourcecode.swift; path = "SKNode+Extensions.swift"; sourceTree = "<group>"; };
		AB4E2E65219FA21200383747 /* SKTAudio.swift */ = {isa = PBXFileReference; fileEncoding = 4; lastKnownFileType = sourcecode.swift; path = SKTAudio.swift; sourceTree = "<group>"; };
		AB4E2E66219FA21200383747 /* SKTEffects.swift */ = {isa = PBXFileReference; fileEncoding = 4; lastKnownFileType = sourcecode.swift; path = SKTEffects.swift; sourceTree = "<group>"; };
		AB4E2E67219FA21200383747 /* SKTTimingFunctions.swift */ = {isa = PBXFileReference; fileEncoding = 4; lastKnownFileType = sourcecode.swift; path = SKTTimingFunctions.swift; sourceTree = "<group>"; };
		AB4E2E68219FA21200383747 /* Vector3.swift */ = {isa = PBXFileReference; fileEncoding = 4; lastKnownFileType = sourcecode.swift; path = Vector3.swift; sourceTree = "<group>"; };
		AB4E2E77219FA28300383747 /* button_press.wav */ = {isa = PBXFileReference; lastKnownFileType = audio.wav; path = button_press.wav; sourceTree = "<group>"; };
		AB4E2E79219FA50000383747 /* TrackSelectionViewController.swift */ = {isa = PBXFileReference; lastKnownFileType = sourcecode.swift; path = TrackSelectionViewController.swift; sourceTree = "<group>"; };
		AB54CC5A21A28DDC00D4F818 /* SubmitScoreViewController.swift */ = {isa = PBXFileReference; lastKnownFileType = sourcecode.swift; path = SubmitScoreViewController.swift; sourceTree = "<group>"; };
		AB5EF41E21A4BD44006E9489 /* UITouchControlsJoystick.sks */ = {isa = PBXFileReference; lastKnownFileType = file.sks; path = UITouchControlsJoystick.sks; sourceTree = "<group>"; };
		AB5EF42021A4C26F006E9489 /* UITouchControlsJoystick.swift */ = {isa = PBXFileReference; lastKnownFileType = sourcecode.swift; path = UITouchControlsJoystick.swift; sourceTree = "<group>"; };
		AB5EF42221A4F7BA006E9489 /* SceneRootNode.swift */ = {isa = PBXFileReference; lastKnownFileType = sourcecode.swift; path = SceneRootNode.swift; sourceTree = "<group>"; };
		AB85BD5121A14D510066BCEE /* PauseScene.sks */ = {isa = PBXFileReference; lastKnownFileType = file.sks; path = PauseScene.sks; sourceTree = "<group>"; };
		AB85BD5421A14D630066BCEE /* CompletedScene.sks */ = {isa = PBXFileReference; lastKnownFileType = file.sks; path = CompletedScene.sks; sourceTree = "<group>"; };
		AB8BB62C21A2084700E3E1F0 /* UIHUD.sks */ = {isa = PBXFileReference; lastKnownFileType = file.sks; path = UIHUD.sks; sourceTree = "<group>"; };
		ABD5FC5B21A0DD1700A0B155 /* BaseGameScene.swift */ = {isa = PBXFileReference; lastKnownFileType = sourcecode.swift; path = BaseGameScene.swift; sourceTree = "<group>"; };
		ABD5FC6021A128E900A0B155 /* InputControl.swift */ = {isa = PBXFileReference; lastKnownFileType = sourcecode.swift; path = InputControl.swift; sourceTree = "<group>"; };
		ABD5FC6221A13DCF00A0B155 /* GameOverlayState.swift */ = {isa = PBXFileReference; fileEncoding = 4; lastKnownFileType = sourcecode.swift; path = GameOverlayState.swift; sourceTree = "<group>"; };
		ABD5FC6421A13DD700A0B155 /* GamePauseState.swift */ = {isa = PBXFileReference; fileEncoding = 4; lastKnownFileType = sourcecode.swift; path = GamePauseState.swift; sourceTree = "<group>"; };
		ABD5FC6621A13DE000A0B155 /* GameActiveState.swift */ = {isa = PBXFileReference; fileEncoding = 4; lastKnownFileType = sourcecode.swift; path = GameActiveState.swift; sourceTree = "<group>"; };
		ABD5FC6821A13DF500A0B155 /* GameCompletedState.swift */ = {isa = PBXFileReference; fileEncoding = 4; lastKnownFileType = sourcecode.swift; path = GameCompletedState.swift; sourceTree = "<group>"; };
		ABD5FC6C21A13E0F00A0B155 /* SceneOverlay.swift */ = {isa = PBXFileReference; fileEncoding = 4; lastKnownFileType = sourcecode.swift; path = SceneOverlay.swift; sourceTree = "<group>"; };
		ABD5FC6E21A13EAC00A0B155 /* ButtonNode.swift */ = {isa = PBXFileReference; fileEncoding = 4; lastKnownFileType = sourcecode.swift; path = ButtonNode.swift; sourceTree = "<group>"; };
		ABD5FC7021A1409400A0B155 /* BaseGameScene+Buttons.swift */ = {isa = PBXFileReference; lastKnownFileType = sourcecode.swift; path = "BaseGameScene+Buttons.swift"; sourceTree = "<group>"; };
		B8FA8DBE7E5627B398BD8312 /* Pods_Peer_to_Peer_Remote_Car_Racing.framework */ = {isa = PBXFileReference; explicitFileType = wrapper.framework; includeInIndex = 0; path = Pods_Peer_to_Peer_Remote_Car_Racing.framework; sourceTree = BUILT_PRODUCTS_DIR; };
		D50671C445DFF18A473C4FD4 /* Pods-Peer-to-Peer Remote Car Racing.release.xcconfig */ = {isa = PBXFileReference; includeInIndex = 1; lastKnownFileType = text.xcconfig; name = "Pods-Peer-to-Peer Remote Car Racing.release.xcconfig"; path = "Pods/Target Support Files/Pods-Peer-to-Peer Remote Car Racing/Pods-Peer-to-Peer Remote Car Racing.release.xcconfig"; sourceTree = "<group>"; };
		DAC9549C6BE3787ADA3FA26C /* Pods-Peer-to-Peer Remote Car Racing.debug.xcconfig */ = {isa = PBXFileReference; includeInIndex = 1; lastKnownFileType = text.xcconfig; name = "Pods-Peer-to-Peer Remote Car Racing.debug.xcconfig"; path = "Pods/Target Support Files/Pods-Peer-to-Peer Remote Car Racing/Pods-Peer-to-Peer Remote Car Racing.debug.xcconfig"; sourceTree = "<group>"; };
/* End PBXFileReference section */

/* Begin PBXFrameworksBuildPhase section */
		7A6641132194BC9600F80C9B /* Frameworks */ = {
			isa = PBXFrameworksBuildPhase;
			buildActionMask = 2147483647;
			files = (
				CDAB25EBDD3E9227C6E9FBEF /* Pods_Peer_to_Peer_Remote_Car_Racing.framework in Frameworks */,
			);
			runOnlyForDeploymentPostprocessing = 0;
		};
/* End PBXFrameworksBuildPhase section */

/* Begin PBXGroup section */
		68AA8E8621B1D93000D9A133 /* Leaderboard */ = {
			isa = PBXGroup;
			children = (
				68AA8E8721B1D95100D9A133 /* Leaderboard.swift */,
				68AA8E8921B1E20400D9A133 /* LeaderboardTableViewCell.swift */,
			);
			path = Leaderboard;
			sourceTree = "<group>";
		};
		7A66410D2194BC9600F80C9B = {
			isa = PBXGroup;
			children = (
				7A6641182194BC9600F80C9B /* Peer-to-Peer Remote Car Racing */,
				7A6641172194BC9600F80C9B /* Products */,
				A3814A5BEB9BCC70AAF96F84 /* Pods */,
				AA840C21F8C998921744E211 /* Frameworks */,
			);
			sourceTree = "<group>";
		};
		7A6641172194BC9600F80C9B /* Products */ = {
			isa = PBXGroup;
			children = (
				7A6641162194BC9600F80C9B /* Peer-to-Peer Remote Car Racing.app */,
			);
			name = Products;
			sourceTree = "<group>";
		};
		7A6641182194BC9600F80C9B /* Peer-to-Peer Remote Car Racing */ = {
			isa = PBXGroup;
			children = (
				68AA8E8621B1D93000D9A133 /* Leaderboard */,
				AB23AF6421A9069E004FB964 /* Network */,
				AB4E2E53219F980300383747 /* ViewControllers */,
				ABD5FC5D21A0F1D300A0B155 /* Scenes */,
				AB4E2E75219FA26B00383747 /* Resources */,
				AB4E2E5C219FA21200383747 /* SKTUtils */,
				7A6641192194BC9600F80C9B /* AppDelegate.swift */,
				7A66411D2194BC9600F80C9B /* Main.storyboard */,
				7A6641222194BC9900F80C9B /* LaunchScreen.storyboard */,
				7A6641202194BC9900F80C9B /* Assets.xcassets */,
				7A6641252194BC9900F80C9B /* Info.plist */,
				68CEE77821AF3A9100CD4427 /* GoogleService-Info.plist */,
				AB0EA9A121A2A015005B5FCE /* globals.swift */,
				AB0EA9A321A2A91D005B5FCE /* FTButtonNode.swift */,
			);
			path = "Peer-to-Peer Remote Car Racing";
			sourceTree = "<group>";
		};
		A3814A5BEB9BCC70AAF96F84 /* Pods */ = {
			isa = PBXGroup;
			children = (
				DAC9549C6BE3787ADA3FA26C /* Pods-Peer-to-Peer Remote Car Racing.debug.xcconfig */,
				D50671C445DFF18A473C4FD4 /* Pods-Peer-to-Peer Remote Car Racing.release.xcconfig */,
			);
			name = Pods;
			sourceTree = "<group>";
		};
		AA840C21F8C998921744E211 /* Frameworks */ = {
			isa = PBXGroup;
			children = (
				B8FA8DBE7E5627B398BD8312 /* Pods_Peer_to_Peer_Remote_Car_Racing.framework */,
			);
			name = Frameworks;
			sourceTree = "<group>";
		};
		AB23AF6421A9069E004FB964 /* Network */ = {
			isa = PBXGroup;
			children = (
				AB23AF6D21A90778004FB964 /* Messages */,
				AB23AF6521A9069E004FB964 /* ControllerNetworkService.swift */,
				AB23AF6621A9069E004FB964 /* HostNetworkService.swift */,
				AB23AF6721A9069E004FB964 /* NetworkService.swift */,
			);
			path = Network;
			sourceTree = "<group>";
		};
		AB23AF6D21A90778004FB964 /* Messages */ = {
			isa = PBXGroup;
			children = (
				AB23AF6E21A90788004FB964 /* MessageBase.swift */,
				AB23AF7021A920B3004FB964 /* InputControlMessage.swift */,
				AB23AF7221A926E6004FB964 /* CarDataMessage.swift */,
				AB23AF7421A92DB3004FB964 /* RaceFinishedMessage.swift */,
			);
			path = Messages;
			sourceTree = "<group>";
		};
		AB4E2E45219F974200383747 /* GameScene */ = {
			isa = PBXGroup;
			children = (
				ABD5FC6E21A13EAC00A0B155 /* ButtonNode.swift */,
				AB4E2E49219F974200383747 /* Track1.sks */,
				AB23AF6021A8F086004FB964 /* Track2.sks */,
				AB23AF6221A8F0E2004FB964 /* Track2.swift */,
				AB4E2E4A219F974200383747 /* Track1.swift */,
				ABD5FC5B21A0DD1700A0B155 /* BaseGameScene.swift */,
				ABD5FC7021A1409400A0B155 /* BaseGameScene+Buttons.swift */,
			);
			path = GameScene;
			sourceTree = "<group>";
		};
		AB4E2E47219F974200383747 /* Entities */ = {
			isa = PBXGroup;
			children = (
				AB4E2E48219F974200383747 /* Player.swift */,
				AB23AF5E21A8D24B004FB964 /* CarType.swift */,
			);
			path = Entities;
			sourceTree = "<group>";
		};
		AB4E2E53219F980300383747 /* ViewControllers */ = {
			isa = PBXGroup;
			children = (
				AB4E2E79219FA50000383747 /* TrackSelectionViewController.swift */,
				AB4E2E4B219F974200383747 /* GameViewController.swift */,
				7A66411B2194BC9600F80C9B /* HomeScreenViewController.swift */,
				7A66412F2194CD2B00F80C9B /* DeviceSelectionViewController.swift */,
				AB4E2E54219F997200383747 /* NavigationViewController.swift */,
				AB4E2E58219F9A7800383747 /* LeaderboardViewController.swift */,
				AB54CC5A21A28DDC00D4F818 /* SubmitScoreViewController.swift */,
			);
			path = ViewControllers;
			sourceTree = "<group>";
		};
		AB4E2E5C219FA21200383747 /* SKTUtils */ = {
			isa = PBXGroup;
			children = (
				AB4E2E5D219FA21200383747 /* CGFloat+Extensions.swift */,
				AB4E2E5E219FA21200383747 /* CGPoint+Extensions.swift */,
				AB4E2E5F219FA21200383747 /* CGVector+Extensions.swift */,
				AB4E2E60219FA21200383747 /* Int+Extensions.swift */,
				AB4E2E61219FA21200383747 /* SKAction+Extensions.swift */,
				AB4E2E62219FA21200383747 /* SKAction+SpecialEffects.swift */,
				AB4E2E63219FA21200383747 /* SKColor+Extensions.swift */,
				AB4E2E64219FA21200383747 /* SKNode+Extensions.swift */,
				AB4E2E65219FA21200383747 /* SKTAudio.swift */,
				AB4E2E66219FA21200383747 /* SKTEffects.swift */,
				AB4E2E67219FA21200383747 /* SKTTimingFunctions.swift */,
				AB4E2E68219FA21200383747 /* Vector3.swift */,
			);
			path = SKTUtils;
			sourceTree = "<group>";
		};
		AB4E2E75219FA26B00383747 /* Resources */ = {
			isa = PBXGroup;
			children = (
				AB4E2E4C219F974200383747 /* TrackTileSet.sks */,
				AB4E2E76219FA27900383747 /* Sounds */,
			);
			path = Resources;
			sourceTree = "<group>";
		};
		AB4E2E76219FA27900383747 /* Sounds */ = {
			isa = PBXGroup;
			children = (
				AB4E2E77219FA28300383747 /* button_press.wav */,
			);
			path = Sounds;
			sourceTree = "<group>";
		};
		AB85BD5021A14D440066BCEE /* PauseScene */ = {
			isa = PBXGroup;
			children = (
				AB85BD5121A14D510066BCEE /* PauseScene.sks */,
			);
			path = PauseScene;
			sourceTree = "<group>";
		};
		AB85BD5321A14D630066BCEE /* CompletedScene */ = {
			isa = PBXGroup;
			children = (
				AB85BD5421A14D630066BCEE /* CompletedScene.sks */,
			);
			path = CompletedScene;
			sourceTree = "<group>";
		};
		AB8BB63021A22F1E00E3E1F0 /* UI */ = {
			isa = PBXGroup;
			children = (
				ABD5FC6021A128E900A0B155 /* InputControl.swift */,
				AB4E2E46219F974200383747 /* AnalogJoystick.swift */,
				AB8BB62C21A2084700E3E1F0 /* UIHUD.sks */,
				AB0EA99F21A29F0C005B5FCE /* UIHUD.swift */,
				AB5EF42221A4F7BA006E9489 /* SceneRootNode.swift */,
				AB5EF42021A4C26F006E9489 /* UITouchControlsJoystick.swift */,
				AB5EF41E21A4BD44006E9489 /* UITouchControlsJoystick.sks */,
			);
			path = UI;
			sourceTree = "<group>";
		};
		ABD5FC5D21A0F1D300A0B155 /* Scenes */ = {
			isa = PBXGroup;
			children = (
				AB4E2E45219F974200383747 /* GameScene */,
				AB8BB63021A22F1E00E3E1F0 /* UI */,
				AB85BD5321A14D630066BCEE /* CompletedScene */,
				AB85BD5021A14D440066BCEE /* PauseScene */,
				ABD5FC5E21A0F43200A0B155 /* GameStates */,
				AB4E2E47219F974200383747 /* Entities */,
			);
			path = Scenes;
			sourceTree = "<group>";
		};
		ABD5FC5E21A0F43200A0B155 /* GameStates */ = {
			isa = PBXGroup;
			children = (
				ABD5FC6C21A13E0F00A0B155 /* SceneOverlay.swift */,
				ABD5FC6821A13DF500A0B155 /* GameCompletedState.swift */,
				ABD5FC6621A13DE000A0B155 /* GameActiveState.swift */,
				ABD5FC6421A13DD700A0B155 /* GamePauseState.swift */,
				ABD5FC6221A13DCF00A0B155 /* GameOverlayState.swift */,
			);
			path = GameStates;
			sourceTree = "<group>";
		};
/* End PBXGroup section */

/* Begin PBXNativeTarget section */
		7A6641152194BC9600F80C9B /* Peer-to-Peer Remote Car Racing */ = {
			isa = PBXNativeTarget;
			buildConfigurationList = 7A6641282194BC9900F80C9B /* Build configuration list for PBXNativeTarget "Peer-to-Peer Remote Car Racing" */;
			buildPhases = (
				030D5F45BC2DF4887432AE41 /* [CP] Check Pods Manifest.lock */,
				7A6641122194BC9600F80C9B /* Sources */,
				7A6641132194BC9600F80C9B /* Frameworks */,
				7A6641142194BC9600F80C9B /* Resources */,
				BED4B7DE3D5030FE41C9DEC6 /* [CP] Embed Pods Frameworks */,
			);
			buildRules = (
			);
			dependencies = (
			);
			name = "Peer-to-Peer Remote Car Racing";
			productName = "Peer-to-Peer Remote Car Racing";
			productReference = 7A6641162194BC9600F80C9B /* Peer-to-Peer Remote Car Racing.app */;
			productType = "com.apple.product-type.application";
		};
/* End PBXNativeTarget section */

/* Begin PBXProject section */
		7A66410E2194BC9600F80C9B /* Project object */ = {
			isa = PBXProject;
			attributes = {
				LastSwiftUpdateCheck = 1000;
				LastUpgradeCheck = 1000;
				ORGANIZATIONNAME = "Josh & Chris";
				TargetAttributes = {
					7A6641152194BC9600F80C9B = {
						CreatedOnToolsVersion = 10.0;
					};
				};
			};
			buildConfigurationList = 7A6641112194BC9600F80C9B /* Build configuration list for PBXProject "Peer-to-Peer Remote Car Racing" */;
			compatibilityVersion = "Xcode 9.3";
			developmentRegion = en;
			hasScannedForEncodings = 0;
			knownRegions = (
				en,
				Base,
			);
			mainGroup = 7A66410D2194BC9600F80C9B;
			productRefGroup = 7A6641172194BC9600F80C9B /* Products */;
			projectDirPath = "";
			projectRoot = "";
			targets = (
				7A6641152194BC9600F80C9B /* Peer-to-Peer Remote Car Racing */,
			);
		};
/* End PBXProject section */

/* Begin PBXResourcesBuildPhase section */
		7A6641142194BC9600F80C9B /* Resources */ = {
			isa = PBXResourcesBuildPhase;
			buildActionMask = 2147483647;
			files = (
				AB4E2E78219FA28300383747 /* button_press.wav in Resources */,
				AB5EF41F21A4BD44006E9489 /* UITouchControlsJoystick.sks in Resources */,
				AB4E2E4F219F974200383747 /* Track1.sks in Resources */,
				7A6641242194BC9900F80C9B /* LaunchScreen.storyboard in Resources */,
				7A6641212194BC9900F80C9B /* Assets.xcassets in Resources */,
				68CEE77921AF3A9100CD4427 /* GoogleService-Info.plist in Resources */,
				7A66411F2194BC9600F80C9B /* Main.storyboard in Resources */,
				AB85BD5521A14D630066BCEE /* CompletedScene.sks in Resources */,
				AB23AF6121A8F086004FB964 /* Track2.sks in Resources */,
				AB8BB62D21A2084700E3E1F0 /* UIHUD.sks in Resources */,
				AB4E2E52219F974200383747 /* TrackTileSet.sks in Resources */,
				AB85BD5221A14D510066BCEE /* PauseScene.sks in Resources */,
			);
			runOnlyForDeploymentPostprocessing = 0;
		};
/* End PBXResourcesBuildPhase section */

/* Begin PBXShellScriptBuildPhase section */
		030D5F45BC2DF4887432AE41 /* [CP] Check Pods Manifest.lock */ = {
			isa = PBXShellScriptBuildPhase;
			buildActionMask = 2147483647;
			files = (
			);
			inputFileListPaths = (
			);
			inputPaths = (
				"${PODS_PODFILE_DIR_PATH}/Podfile.lock",
				"${PODS_ROOT}/Manifest.lock",
			);
			name = "[CP] Check Pods Manifest.lock";
			outputFileListPaths = (
			);
			outputPaths = (
				"$(DERIVED_FILE_DIR)/Pods-Peer-to-Peer Remote Car Racing-checkManifestLockResult.txt",
			);
			runOnlyForDeploymentPostprocessing = 0;
			shellPath = /bin/sh;
			shellScript = "diff \"${PODS_PODFILE_DIR_PATH}/Podfile.lock\" \"${PODS_ROOT}/Manifest.lock\" > /dev/null\nif [ $? != 0 ] ; then\n    # print error to STDERR\n    echo \"error: The sandbox is not in sync with the Podfile.lock. Run 'pod install' or update your CocoaPods installation.\" >&2\n    exit 1\nfi\n# This output is used by Xcode 'outputs' to avoid re-running this script phase.\necho \"SUCCESS\" > \"${SCRIPT_OUTPUT_FILE_0}\"\n";
			showEnvVarsInLog = 0;
		};
		BED4B7DE3D5030FE41C9DEC6 /* [CP] Embed Pods Frameworks */ = {
			isa = PBXShellScriptBuildPhase;
			buildActionMask = 2147483647;
			files = (
			);
			inputFileListPaths = (
			);
			inputPaths = (
				"${SRCROOT}/Pods/Target Support Files/Pods-Peer-to-Peer Remote Car Racing/Pods-Peer-to-Peer Remote Car Racing-frameworks.sh",
				"${BUILT_PRODUCTS_DIR}/GTMSessionFetcher/GTMSessionFetcher.framework",
				"${BUILT_PRODUCTS_DIR}/GoogleUtilities/GoogleUtilities.framework",
				"${BUILT_PRODUCTS_DIR}/leveldb-library/leveldb.framework",
				"${BUILT_PRODUCTS_DIR}/nanopb/nanopb.framework",
			);
			name = "[CP] Embed Pods Frameworks";
			outputFileListPaths = (
			);
			outputPaths = (
				"${TARGET_BUILD_DIR}/${FRAMEWORKS_FOLDER_PATH}/GTMSessionFetcher.framework",
				"${TARGET_BUILD_DIR}/${FRAMEWORKS_FOLDER_PATH}/GoogleUtilities.framework",
				"${TARGET_BUILD_DIR}/${FRAMEWORKS_FOLDER_PATH}/leveldb.framework",
				"${TARGET_BUILD_DIR}/${FRAMEWORKS_FOLDER_PATH}/nanopb.framework",
			);
			runOnlyForDeploymentPostprocessing = 0;
			shellPath = /bin/sh;
			shellScript = "\"${SRCROOT}/Pods/Target Support Files/Pods-Peer-to-Peer Remote Car Racing/Pods-Peer-to-Peer Remote Car Racing-frameworks.sh\"\n";
			showEnvVarsInLog = 0;
		};
/* End PBXShellScriptBuildPhase section */

/* Begin PBXSourcesBuildPhase section */
		7A6641122194BC9600F80C9B /* Sources */ = {
			isa = PBXSourcesBuildPhase;
			buildActionMask = 2147483647;
			files = (
				ABD5FC6921A13DF500A0B155 /* GameCompletedState.swift in Sources */,
				AB4E2E74219FA21200383747 /* Vector3.swift in Sources */,
				AB4E2E6E219FA21200383747 /* SKAction+SpecialEffects.swift in Sources */,
				AB23AF7121A920B3004FB964 /* InputControlMessage.swift in Sources */,
				AB4E2E72219FA21200383747 /* SKTEffects.swift in Sources */,
				AB23AF6F21A90788004FB964 /* MessageBase.swift in Sources */,
				AB0EA9A021A29F0C005B5FCE /* UIHUD.swift in Sources */,
				AB4E2E69219FA21200383747 /* CGFloat+Extensions.swift in Sources */,
				AB23AF7521A92DB3004FB964 /* RaceFinishedMessage.swift in Sources */,
				AB4E2E55219F997200383747 /* NavigationViewController.swift in Sources */,
				AB4E2E59219F9A7800383747 /* LeaderboardViewController.swift in Sources */,
				ABD5FC6D21A13E0F00A0B155 /* SceneOverlay.swift in Sources */,
				AB4E2E51219F974200383747 /* GameViewController.swift in Sources */,
				AB4E2E50219F974200383747 /* Track1.swift in Sources */,
				AB4E2E6D219FA21200383747 /* SKAction+Extensions.swift in Sources */,
				7A66411C2194BC9600F80C9B /* HomeScreenViewController.swift in Sources */,
				AB4E2E4D219F974200383747 /* AnalogJoystick.swift in Sources */,
				AB23AF6A21A9069E004FB964 /* HostNetworkService.swift in Sources */,
				ABD5FC6321A13DCF00A0B155 /* GameOverlayState.swift in Sources */,
				7A66411A2194BC9600F80C9B /* AppDelegate.swift in Sources */,
				AB23AF6921A9069E004FB964 /* ControllerNetworkService.swift in Sources */,
				AB4E2E70219FA21200383747 /* SKNode+Extensions.swift in Sources */,
				ABD5FC6121A128E900A0B155 /* InputControl.swift in Sources */,
				AB23AF7321A926E6004FB964 /* CarDataMessage.swift in Sources */,
				AB4E2E4E219F974200383747 /* Player.swift in Sources */,
				ABD5FC5C21A0DD1700A0B155 /* BaseGameScene.swift in Sources */,
				ABD5FC7121A1409400A0B155 /* BaseGameScene+Buttons.swift in Sources */,
				AB4E2E6A219FA21200383747 /* CGPoint+Extensions.swift in Sources */,
				ABD5FC6721A13DE000A0B155 /* GameActiveState.swift in Sources */,
				ABD5FC6521A13DD700A0B155 /* GamePauseState.swift in Sources */,
				AB5EF42321A4F7BA006E9489 /* SceneRootNode.swift in Sources */,
				AB4E2E7A219FA50000383747 /* TrackSelectionViewController.swift in Sources */,
				AB0EA9A421A2A91D005B5FCE /* FTButtonNode.swift in Sources */,
				68AA8E8A21B1E20400D9A133 /* LeaderboardTableViewCell.swift in Sources */,
				AB4E2E6C219FA21200383747 /* Int+Extensions.swift in Sources */,
				AB0EA9A221A2A015005B5FCE /* globals.swift in Sources */,
				AB5EF42121A4C26F006E9489 /* UITouchControlsJoystick.swift in Sources */,
				AB23AF6321A8F0E2004FB964 /* Track2.swift in Sources */,
				AB54CC5B21A28DDC00D4F818 /* SubmitScoreViewController.swift in Sources */,
				AB23AF6B21A9069E004FB964 /* NetworkService.swift in Sources */,
				68AA8E8821B1D95100D9A133 /* Leaderboard.swift in Sources */,
				AB4E2E73219FA21200383747 /* SKTTimingFunctions.swift in Sources */,
				AB23AF5F21A8D24B004FB964 /* CarType.swift in Sources */,
				ABD5FC6F21A13EAC00A0B155 /* ButtonNode.swift in Sources */,
				AB4E2E6B219FA21200383747 /* CGVector+Extensions.swift in Sources */,
				AB4E2E6F219FA21200383747 /* SKColor+Extensions.swift in Sources */,
				AB4E2E71219FA21200383747 /* SKTAudio.swift in Sources */,
				7A6641302194CD2B00F80C9B /* DeviceSelectionViewController.swift in Sources */,
			);
			runOnlyForDeploymentPostprocessing = 0;
		};
/* End PBXSourcesBuildPhase section */

/* Begin PBXVariantGroup section */
		7A66411D2194BC9600F80C9B /* Main.storyboard */ = {
			isa = PBXVariantGroup;
			children = (
				7A66411E2194BC9600F80C9B /* Base */,
			);
			name = Main.storyboard;
			sourceTree = "<group>";
		};
		7A6641222194BC9900F80C9B /* LaunchScreen.storyboard */ = {
			isa = PBXVariantGroup;
			children = (
				7A6641232194BC9900F80C9B /* Base */,
			);
			name = LaunchScreen.storyboard;
			sourceTree = "<group>";
		};
/* End PBXVariantGroup section */

/* Begin XCBuildConfiguration section */
		7A6641262194BC9900F80C9B /* Debug */ = {
			isa = XCBuildConfiguration;
			buildSettings = {
				ALWAYS_SEARCH_USER_PATHS = NO;
				CLANG_ANALYZER_NONNULL = YES;
				CLANG_ANALYZER_NUMBER_OBJECT_CONVERSION = YES_AGGRESSIVE;
				CLANG_CXX_LANGUAGE_STANDARD = "gnu++14";
				CLANG_CXX_LIBRARY = "libc++";
				CLANG_ENABLE_MODULES = YES;
				CLANG_ENABLE_OBJC_ARC = YES;
				CLANG_ENABLE_OBJC_WEAK = YES;
				CLANG_WARN_BLOCK_CAPTURE_AUTORELEASING = YES;
				CLANG_WARN_BOOL_CONVERSION = YES;
				CLANG_WARN_COMMA = YES;
				CLANG_WARN_CONSTANT_CONVERSION = YES;
				CLANG_WARN_DEPRECATED_OBJC_IMPLEMENTATIONS = YES;
				CLANG_WARN_DIRECT_OBJC_ISA_USAGE = YES_ERROR;
				CLANG_WARN_DOCUMENTATION_COMMENTS = YES;
				CLANG_WARN_EMPTY_BODY = YES;
				CLANG_WARN_ENUM_CONVERSION = YES;
				CLANG_WARN_INFINITE_RECURSION = YES;
				CLANG_WARN_INT_CONVERSION = YES;
				CLANG_WARN_NON_LITERAL_NULL_CONVERSION = YES;
				CLANG_WARN_OBJC_IMPLICIT_RETAIN_SELF = YES;
				CLANG_WARN_OBJC_LITERAL_CONVERSION = YES;
				CLANG_WARN_OBJC_ROOT_CLASS = YES_ERROR;
				CLANG_WARN_RANGE_LOOP_ANALYSIS = YES;
				CLANG_WARN_STRICT_PROTOTYPES = YES;
				CLANG_WARN_SUSPICIOUS_MOVE = YES;
				CLANG_WARN_UNGUARDED_AVAILABILITY = YES_AGGRESSIVE;
				CLANG_WARN_UNREACHABLE_CODE = YES;
				CLANG_WARN__DUPLICATE_METHOD_MATCH = YES;
				CODE_SIGN_IDENTITY = "iPhone Developer";
				COPY_PHASE_STRIP = NO;
				DEBUG_INFORMATION_FORMAT = dwarf;
				ENABLE_STRICT_OBJC_MSGSEND = YES;
				ENABLE_TESTABILITY = YES;
				GCC_C_LANGUAGE_STANDARD = gnu11;
				GCC_DYNAMIC_NO_PIC = NO;
				GCC_NO_COMMON_BLOCKS = YES;
				GCC_OPTIMIZATION_LEVEL = 0;
				GCC_PREPROCESSOR_DEFINITIONS = (
					"DEBUG=1",
					"$(inherited)",
				);
				GCC_WARN_64_TO_32_BIT_CONVERSION = YES;
				GCC_WARN_ABOUT_RETURN_TYPE = YES_ERROR;
				GCC_WARN_UNDECLARED_SELECTOR = YES;
				GCC_WARN_UNINITIALIZED_AUTOS = YES_AGGRESSIVE;
				GCC_WARN_UNUSED_FUNCTION = YES;
				GCC_WARN_UNUSED_VARIABLE = YES;
				IPHONEOS_DEPLOYMENT_TARGET = 12.0;
				MTL_ENABLE_DEBUG_INFO = INCLUDE_SOURCE;
				MTL_FAST_MATH = YES;
				ONLY_ACTIVE_ARCH = YES;
				SDKROOT = iphoneos;
				SWIFT_ACTIVE_COMPILATION_CONDITIONS = DEBUG;
				SWIFT_OPTIMIZATION_LEVEL = "-Onone";
			};
			name = Debug;
		};
		7A6641272194BC9900F80C9B /* Release */ = {
			isa = XCBuildConfiguration;
			buildSettings = {
				ALWAYS_SEARCH_USER_PATHS = NO;
				CLANG_ANALYZER_NONNULL = YES;
				CLANG_ANALYZER_NUMBER_OBJECT_CONVERSION = YES_AGGRESSIVE;
				CLANG_CXX_LANGUAGE_STANDARD = "gnu++14";
				CLANG_CXX_LIBRARY = "libc++";
				CLANG_ENABLE_MODULES = YES;
				CLANG_ENABLE_OBJC_ARC = YES;
				CLANG_ENABLE_OBJC_WEAK = YES;
				CLANG_WARN_BLOCK_CAPTURE_AUTORELEASING = YES;
				CLANG_WARN_BOOL_CONVERSION = YES;
				CLANG_WARN_COMMA = YES;
				CLANG_WARN_CONSTANT_CONVERSION = YES;
				CLANG_WARN_DEPRECATED_OBJC_IMPLEMENTATIONS = YES;
				CLANG_WARN_DIRECT_OBJC_ISA_USAGE = YES_ERROR;
				CLANG_WARN_DOCUMENTATION_COMMENTS = YES;
				CLANG_WARN_EMPTY_BODY = YES;
				CLANG_WARN_ENUM_CONVERSION = YES;
				CLANG_WARN_INFINITE_RECURSION = YES;
				CLANG_WARN_INT_CONVERSION = YES;
				CLANG_WARN_NON_LITERAL_NULL_CONVERSION = YES;
				CLANG_WARN_OBJC_IMPLICIT_RETAIN_SELF = YES;
				CLANG_WARN_OBJC_LITERAL_CONVERSION = YES;
				CLANG_WARN_OBJC_ROOT_CLASS = YES_ERROR;
				CLANG_WARN_RANGE_LOOP_ANALYSIS = YES;
				CLANG_WARN_STRICT_PROTOTYPES = YES;
				CLANG_WARN_SUSPICIOUS_MOVE = YES;
				CLANG_WARN_UNGUARDED_AVAILABILITY = YES_AGGRESSIVE;
				CLANG_WARN_UNREACHABLE_CODE = YES;
				CLANG_WARN__DUPLICATE_METHOD_MATCH = YES;
				CODE_SIGN_IDENTITY = "iPhone Developer";
				COPY_PHASE_STRIP = NO;
				DEBUG_INFORMATION_FORMAT = "dwarf-with-dsym";
				ENABLE_NS_ASSERTIONS = NO;
				ENABLE_STRICT_OBJC_MSGSEND = YES;
				GCC_C_LANGUAGE_STANDARD = gnu11;
				GCC_NO_COMMON_BLOCKS = YES;
				GCC_WARN_64_TO_32_BIT_CONVERSION = YES;
				GCC_WARN_ABOUT_RETURN_TYPE = YES_ERROR;
				GCC_WARN_UNDECLARED_SELECTOR = YES;
				GCC_WARN_UNINITIALIZED_AUTOS = YES_AGGRESSIVE;
				GCC_WARN_UNUSED_FUNCTION = YES;
				GCC_WARN_UNUSED_VARIABLE = YES;
				IPHONEOS_DEPLOYMENT_TARGET = 12.0;
				MTL_ENABLE_DEBUG_INFO = NO;
				MTL_FAST_MATH = YES;
				SDKROOT = iphoneos;
				SWIFT_COMPILATION_MODE = wholemodule;
				SWIFT_OPTIMIZATION_LEVEL = "-O";
				VALIDATE_PRODUCT = YES;
			};
			name = Release;
		};
		7A6641292194BC9900F80C9B /* Debug */ = {
			isa = XCBuildConfiguration;
			baseConfigurationReference = DAC9549C6BE3787ADA3FA26C /* Pods-Peer-to-Peer Remote Car Racing.debug.xcconfig */;
			buildSettings = {
				ASSETCATALOG_COMPILER_APPICON_NAME = AppIcon;
				CODE_SIGN_STYLE = Automatic;
				DEVELOPMENT_TEAM = 6X5B26J782;
				INFOPLIST_FILE = "Peer-to-Peer Remote Car Racing/Info.plist";
				IPHONEOS_DEPLOYMENT_TARGET = 12.0;
				LD_RUNPATH_SEARCH_PATHS = (
					"$(inherited)",
					"@executable_path/Frameworks",
				);
				PRODUCT_BUNDLE_IDENTIFIER = "ca.uregina.cs.455.boyd111c.remote-racing";
				PRODUCT_NAME = "$(TARGET_NAME)";
				SWIFT_VERSION = 4.2;
				TARGETED_DEVICE_FAMILY = 1;
			};
			name = Debug;
		};
		7A66412A2194BC9900F80C9B /* Release */ = {
			isa = XCBuildConfiguration;
			baseConfigurationReference = D50671C445DFF18A473C4FD4 /* Pods-Peer-to-Peer Remote Car Racing.release.xcconfig */;
			buildSettings = {
				ASSETCATALOG_COMPILER_APPICON_NAME = AppIcon;
				CODE_SIGN_STYLE = Automatic;
				DEVELOPMENT_TEAM = 6X5B26J782;
				INFOPLIST_FILE = "Peer-to-Peer Remote Car Racing/Info.plist";
				IPHONEOS_DEPLOYMENT_TARGET = 12.0;
				LD_RUNPATH_SEARCH_PATHS = (
					"$(inherited)",
					"@executable_path/Frameworks",
				);
				PRODUCT_BUNDLE_IDENTIFIER = "ca.uregina.cs.455.boyd111c.remote-racing";
				PRODUCT_NAME = "$(TARGET_NAME)";
				SWIFT_VERSION = 4.2;
				TARGETED_DEVICE_FAMILY = 1;
			};
			name = Release;
		};
/* End XCBuildConfiguration section */

/* Begin XCConfigurationList section */
		7A6641112194BC9600F80C9B /* Build configuration list for PBXProject "Peer-to-Peer Remote Car Racing" */ = {
			isa = XCConfigurationList;
			buildConfigurations = (
				7A6641262194BC9900F80C9B /* Debug */,
				7A6641272194BC9900F80C9B /* Release */,
			);
			defaultConfigurationIsVisible = 0;
			defaultConfigurationName = Release;
		};
		7A6641282194BC9900F80C9B /* Build configuration list for PBXNativeTarget "Peer-to-Peer Remote Car Racing" */ = {
			isa = XCConfigurationList;
			buildConfigurations = (
				7A6641292194BC9900F80C9B /* Debug */,
				7A66412A2194BC9900F80C9B /* Release */,
			);
			defaultConfigurationIsVisible = 0;
			defaultConfigurationName = Release;
		};
/* End XCConfigurationList section */
	};
	rootObject = 7A66410E2194BC9600F80C9B /* Project object */;
}
